
Microsoft Visual Studio Solution File, Format Version 12.00
# Visual Studio Version 17
VisualStudioVersion = 17.14.36408.4 d17.14
MinimumVisualStudioVersion = 10.0.40219.1
Project("{FAE04EC0-301F-11D3-BF4B-00C04F79EFBC}") = "SimpleConsoleCalculator", "SimpleConsoleCalculator\SimpleConsoleCalculator.csproj", "{4EB7CF57-695F-46A1-A7C2-AC8D46C760B8}"
EndProject
Global
	GlobalSection(SolutionConfigurationPlatforms) = preSolution
		Debug|Any CPU = Debug|Any CPU
		Release|Any CPU = Release|Any CPU
	EndGlobalSection
	GlobalSection(ProjectConfigurationPlatforms) = postSolution
		{4EB7CF57-695F-46A1-A7C2-AC8D46C760B8}.Debug|Any CPU.ActiveCfg = Debug|Any CPU
		{4EB7CF57-695F-46A1-A7C2-AC8D46C760B8}.Debug|Any CPU.Build.0 = Debug|Any CPU
		{4EB7CF57-695F-46A1-A7C2-AC8D46C760B8}.Release|Any CPU.ActiveCfg = Release|Any CPU
		{4EB7CF57-695F-46A1-A7C2-AC8D46C760B8}.Release|Any CPU.Build.0 = Release|Any CPU
	EndGlobalSection
	GlobalSection(SolutionProperties) = preSolution
		HideSolutionNode = FALSE
	EndGlobalSection
	GlobalSection(ExtensibilityGlobals) = postSolution
		SolutionGuid = {04C4F2F0-7F10-4845-81D8-43CE4B667AAD}
	EndGlobalSection
EndGlobal
